// !$*UTF8*$!
{
	archiveVersion = 1;
	classes = {
	};
	objectVersion = 46;
	objects = {

/* Begin PBXBuildFile section */
		9BCCAC0B1B81BE8B00CDC891 /* main.m in Sources */ = {isa = PBXBuildFile; fileRef = 9BCCAC0A1B81BE8B00CDC891 /* main.m */; };
		9BCCAC0E1B81BE8B00CDC891 /* AppDelegate.m in Sources */ = {isa = PBXBuildFile; fileRef = 9BCCAC0D1B81BE8B00CDC891 /* AppDelegate.m */; };
		9BCCAC111B81BE8B00CDC891 /* ViewController.m in Sources */ = {isa = PBXBuildFile; fileRef = 9BCCAC101B81BE8B00CDC891 /* ViewController.m */; };
		9BCCAC141B81BE8B00CDC891 /* Main.storyboard in Resources */ = {isa = PBXBuildFile; fileRef = 9BCCAC121B81BE8B00CDC891 /* Main.storyboard */; };
		9BCCAC161B81BE8B00CDC891 /* Images.xcassets in Resources */ = {isa = PBXBuildFile; fileRef = 9BCCAC151B81BE8B00CDC891 /* Images.xcassets */; };
		9BCCAC191B81BE8B00CDC891 /* LaunchScreen.xib in Resources */ = {isa = PBXBuildFile; fileRef = 9BCCAC171B81BE8B00CDC891 /* LaunchScreen.xib */; };
		9BCCAC251B81BE8B00CDC891 /* RottenTomatoTests.m in Sources */ = {isa = PBXBuildFile; fileRef = 9BCCAC241B81BE8B00CDC891 /* RottenTomatoTests.m */; };
/* End PBXBuildFile section */

/* Begin PBXContainerItemProxy section */
		9BCCAC1F1B81BE8B00CDC891 /* PBXContainerItemProxy */ = {
			isa = PBXContainerItemProxy;
			containerPortal = 9BCCABFD1B81BE8B00CDC891 /* Project object */;
			proxyType = 1;
			remoteGlobalIDString = 9BCCAC041B81BE8B00CDC891;
			remoteInfo = RottenTomato;
		};
/* End PBXContainerItemProxy section */

/* Begin PBXFileReference section */
		9BCCAC051B81BE8B00CDC891 /* RottenTomato.app */ = {isa = PBXFileReference; explicitFileType = wrapper.application; includeInIndex = 0; path = RottenTomato.app; sourceTree = BUILT_PRODUCTS_DIR; };
		9BCCAC091B81BE8B00CDC891 /* Info.plist */ = {isa = PBXFileReference; lastKnownFileType = text.plist.xml; path = Info.plist; sourceTree = "<group>"; };
		9BCCAC0A1B81BE8B00CDC891 /* main.m */ = {isa = PBXFileReference; lastKnownFileType = sourcecode.c.objc; path = main.m; sourceTree = "<group>"; };
		9BCCAC0C1B81BE8B00CDC891 /* AppDelegate.h */ = {isa = PBXFileReference; lastKnownFileType = sourcecode.c.h; path = AppDelegate.h; sourceTree = "<group>"; };
		9BCCAC0D1B81BE8B00CDC891 /* AppDelegate.m */ = {isa = PBXFileReference; lastKnownFileType = sourcecode.c.objc; path = AppDelegate.m; sourceTree = "<group>"; };
		9BCCAC0F1B81BE8B00CDC891 /* ViewController.h */ = {isa = PBXFileReference; lastKnownFileType = sourcecode.c.h; path = ViewController.h; sourceTree = "<group>"; };
		9BCCAC101B81BE8B00CDC891 /* ViewController.m */ = {isa = PBXFileReference; lastKnownFileType = sourcecode.c.objc; path = ViewController.m; sourceTree = "<group>"; };
		9BCCAC131B81BE8B00CDC891 /* Base */ = {isa = PBXFileReference; lastKnownFileType = file.storyboard; name = Base; path = Base.lproj/Main.storyboard; sourceTree = "<group>"; };
		9BCCAC151B81BE8B00CDC891 /* Images.xcassets */ = {isa = PBXFileReference; lastKnownFileType = folder.assetcatalog; path = Images.xcassets; sourceTree = "<group>"; };
		9BCCAC181B81BE8B00CDC891 /* Base */ = {isa = PBXFileReference; lastKnownFileType = file.xib; name = Base; path = Base.lproj/LaunchScreen.xib; sourceTree = "<group>"; };
		9BCCAC1E1B81BE8B00CDC891 /* RottenTomatoTests.xctest */ = {isa = PBXFileReference; explicitFileType = wrapper.cfbundle; includeInIndex = 0; path = RottenTomatoTests.xctest; sourceTree = BUILT_PRODUCTS_DIR; };
		9BCCAC231B81BE8B00CDC891 /* Info.plist */ = {isa = PBXFileReference; lastKnownFileType = text.plist.xml; path = Info.plist; sourceTree = "<group>"; };
		9BCCAC241B81BE8B00CDC891 /* RottenTomatoTests.m */ = {isa = PBXFileReference; lastKnownFileType = sourcecode.c.objc; path = RottenTomatoTests.m; sourceTree = "<group>"; };
/* End PBXFileReference section */

/* Begin PBXFrameworksBuildPhase section */
		9BCCAC021B81BE8B00CDC891 /* Frameworks */ = {
			isa = PBXFrameworksBuildPhase;
			buildActionMask = 2147483647;
			files = (
			);
			runOnlyForDeploymentPostprocessing = 0;
		};
		9BCCAC1B1B81BE8B00CDC891 /* Frameworks */ = {
			isa = PBXFrameworksBuildPhase;
			buildActionMask = 2147483647;
			files = (
			);
			runOnlyForDeploymentPostprocessing = 0;
		};
/* End PBXFrameworksBuildPhase section */

/* Begin PBXGroup section */
		9BCCABFC1B81BE8B00CDC891 = {
			isa = PBXGroup;
			children = (
				9BCCAC071B81BE8B00CDC891 /* RottenTomato */,
				9BCCAC211B81BE8B00CDC891 /* RottenTomatoTests */,
				9BCCAC061B81BE8B00CDC891 /* Products */,
			);
			sourceTree = "<group>";
		};
		9BCCAC061B81BE8B00CDC891 /* Products */ = {
			isa = PBXGroup;
			children = (
				9BCCAC051B81BE8B00CDC891 /* RottenTomato.app */,
				9BCCAC1E1B81BE8B00CDC891 /* RottenTomatoTests.xctest */,
			);
			name = Products;
			sourceTree = "<group>";
		};
		9BCCAC071B81BE8B00CDC891 /* RottenTomato */ = {
			isa = PBXGroup;
			children = (
				9BCCAC0C1B81BE8B00CDC891 /* AppDelegate.h */,
				9BCCAC0D1B81BE8B00CDC891 /* AppDelegate.m */,
				9BCCAC0F1B81BE8B00CDC891 /* ViewController.h */,
				9BCCAC101B81BE8B00CDC891 /* ViewController.m */,
				9BCCAC121B81BE8B00CDC891 /* Main.storyboard */,
				9BCCAC151B81BE8B00CDC891 /* Images.xcassets */,
				9BCCAC171B81BE8B00CDC891 /* LaunchScreen.xib */,
				9BCCAC081B81BE8B00CDC891 /* Supporting Files */,
			);
			path = RottenTomato;
			sourceTree = "<group>";
		};
		9BCCAC081B81BE8B00CDC891 /* Supporting Files */ = {
			isa = PBXGroup;
			children = (
				9BCCAC091B81BE8B00CDC891 /* Info.plist */,
				9BCCAC0A1B81BE8B00CDC891 /* main.m */,
			);
			name = "Supporting Files";
			sourceTree = "<group>";
		};
		9BCCAC211B81BE8B00CDC891 /* RottenTomatoTests */ = {
			isa = PBXGroup;
			children = (
				9BCCAC241B81BE8B00CDC891 /* RottenTomatoTests.m */,
				9BCCAC221B81BE8B00CDC891 /* Supporting Files */,
			);
			path = RottenTomatoTests;
			sourceTree = "<group>";
		};
		9BCCAC221B81BE8B00CDC891 /* Supporting Files */ = {
			isa = PBXGroup;
			children = (
				9BCCAC231B81BE8B00CDC891 /* Info.plist */,
			);
			name = "Supporting Files";
			sourceTree = "<group>";
		};
/* End PBXGroup section */

/* Begin PBXNativeTarget section */
		9BCCAC041B81BE8B00CDC891 /* RottenTomato */ = {
			isa = PBXNativeTarget;
			buildConfigurationList = 9BCCAC281B81BE8B00CDC891 /* Build configuration list for PBXNativeTarget "RottenTomato" */;
			buildPhases = (
				9BCCAC011B81BE8B00CDC891 /* Sources */,
				9BCCAC021B81BE8B00CDC891 /* Frameworks */,
				9BCCAC031B81BE8B00CDC891 /* Resources */,
			);
			buildRules = (
			);
			dependencies = (
			);
			name = RottenTomato;
			productName = RottenTomato;
			productReference = 9BCCAC051B81BE8B00CDC891 /* RottenTomato.app */;
			productType = "com.apple.product-type.application";
		};
		9BCCAC1D1B81BE8B00CDC891 /* RottenTomatoTests */ = {
			isa = PBXNativeTarget;
			buildConfigurationList = 9BCCAC2B1B81BE8B00CDC891 /* Build configuration list for PBXNativeTarget "RottenTomatoTests" */;
			buildPhases = (
				9BCCAC1A1B81BE8B00CDC891 /* Sources */,
				9BCCAC1B1B81BE8B00CDC891 /* Frameworks */,
				9BCCAC1C1B81BE8B00CDC891 /* Resources */,
			);
			buildRules = (
			);
			dependencies = (
				9BCCAC201B81BE8B00CDC891 /* PBXTargetDependency */,
			);
			name = RottenTomatoTests;
			productName = RottenTomatoTests;
			productReference = 9BCCAC1E1B81BE8B00CDC891 /* RottenTomatoTests.xctest */;
			productType = "com.apple.product-type.bundle.unit-test";
		};
/* End PBXNativeTarget section */

/* Begin PBXProject section */
		9BCCABFD1B81BE8B00CDC891 /* Project object */ = {
			isa = PBXProject;
			attributes = {
				LastUpgradeCheck = 0630;
				ORGANIZATIONNAME = "Li-Erh Chang";
				TargetAttributes = {
					9BCCAC041B81BE8B00CDC891 = {
						CreatedOnToolsVersion = 6.3.2;
					};
					9BCCAC1D1B81BE8B00CDC891 = {
						CreatedOnToolsVersion = 6.3.2;
						TestTargetID = 9BCCAC041B81BE8B00CDC891;
					};
				};
			};
			buildConfigurationList = 9BCCAC001B81BE8B00CDC891 /* Build configuration list for PBXProject "RottenTomato" */;
			compatibilityVersion = "Xcode 3.2";
			developmentRegion = English;
			hasScannedForEncodings = 0;
			knownRegions = (
				en,
				Base,
			);
			mainGroup = 9BCCABFC1B81BE8B00CDC891;
			productRefGroup = 9BCCAC061B81BE8B00CDC891 /* Products */;
			projectDirPath = "";
			projectRoot = "";
			targets = (
				9BCCAC041B81BE8B00CDC891 /* RottenTomato */,
				9BCCAC1D1B81BE8B00CDC891 /* RottenTomatoTests */,
			);
		};
/* End PBXProject section */

/* Begin PBXResourcesBuildPhase section */
		9BCCAC031B81BE8B00CDC891 /* Resources */ = {
			isa = PBXResourcesBuildPhase;
			buildActionMask = 2147483647;
			files = (
				9BCCAC141B81BE8B00CDC891 /* Main.storyboard in Resources */,
				9BCCAC191B81BE8B00CDC891 /* LaunchScreen.xib in Resources */,
				9BCCAC161B81BE8B00CDC891 /* Images.xcassets in Resources */,
			);
			runOnlyForDeploymentPostprocessing = 0;
		};
		9BCCAC1C1B81BE8B00CDC891 /* Resources */ = {
			isa = PBXResourcesBuildPhase;
			buildActionMask = 2147483647;
			files = (
			);
			runOnlyForDeploymentPostprocessing = 0;
		};
/* End PBXResourcesBuildPhase section */

/* Begin PBXSourcesBuildPhase section */
		9BCCAC011B81BE8B00CDC891 /* Sources */ = {
			isa = PBXSourcesBuildPhase;
			buildActionMask = 2147483647;
			files = (
				9BCCAC111B81BE8B00CDC891 /* ViewController.m in Sources */,
				9BCCAC0E1B81BE8B00CDC891 /* AppDelegate.m in Sources */,
				9BCCAC0B1B81BE8B00CDC891 /* main.m in Sources */,
			);
			runOnlyForDeploymentPostprocessing = 0;
		};
		9BCCAC1A1B81BE8B00CDC891 /* Sources */ = {
			isa = PBXSourcesBuildPhase;
			buildActionMask = 2147483647;
			files = (
				9BCCAC251B81BE8B00CDC891 /* RottenTomatoTests.m in Sources */,
			);
			runOnlyForDeploymentPostprocessing = 0;
		};
/* End PBXSourcesBuildPhase section */

/* Begin PBXTargetDependency section */
		9BCCAC201B81BE8B00CDC891 /* PBXTargetDependency */ = {
			isa = PBXTargetDependency;
			target = 9BCCAC041B81BE8B00CDC891 /* RottenTomato */;
			targetProxy = 9BCCAC1F1B81BE8B00CDC891 /* PBXContainerItemProxy */;
		};
/* End PBXTargetDependency section */

/* Begin PBXVariantGroup section */
		9BCCAC121B81BE8B00CDC891 /* Main.storyboard */ = {
			isa = PBXVariantGroup;
			children = (
				9BCCAC131B81BE8B00CDC891 /* Base */,
			);
			name = Main.storyboard;
			sourceTree = "<group>";
		};
		9BCCAC171B81BE8B00CDC891 /* LaunchScreen.xib */ = {
			isa = PBXVariantGroup;
			children = (
				9BCCAC181B81BE8B00CDC891 /* Base */,
			);
			name = LaunchScreen.xib;
			sourceTree = "<group>";
		};
/* End PBXVariantGroup section */

/* Begin XCBuildConfiguration section */
		9BCCAC261B81BE8B00CDC891 /* Debug */ = {
			isa = XCBuildConfiguration;
			buildSettings = {
				ALWAYS_SEARCH_USER_PATHS = NO;
				CLANG_CXX_LANGUAGE_STANDARD = "gnu++0x";
				CLANG_CXX_LIBRARY = "libc++";
				CLANG_ENABLE_MODULES = YES;
				CLANG_ENABLE_OBJC_ARC = YES;
				CLANG_WARN_BOOL_CONVERSION = YES;
				CLANG_WARN_CONSTANT_CONVERSION = YES;
				CLANG_WARN_DIRECT_OBJC_ISA_USAGE = YES_ERROR;
				CLANG_WARN_EMPTY_BODY = YES;
				CLANG_WARN_ENUM_CONVERSION = YES;
				CLANG_WARN_INT_CONVERSION = YES;
				CLANG_WARN_OBJC_ROOT_CLASS = YES_ERROR;
				CLANG_WARN_UNREACHABLE_CODE = YES;
				CLANG_WARN__DUPLICATE_METHOD_MATCH = YES;
				"CODE_SIGN_IDENTITY[sdk=iphoneos*]" = "iPhone Developer";
				COPY_PHASE_STRIP = NO;
				DEBUG_INFORMATION_FORMAT = "dwarf-with-dsym";
				ENABLE_STRICT_OBJC_MSGSEND = YES;
				GCC_C_LANGUAGE_STANDARD = gnu99;
				GCC_DYNAMIC_NO_PIC = NO;
				GCC_NO_COMMON_BLOCKS = YES;
				GCC_OPTIMIZATION_LEVEL = 0;
				GCC_PREPROCESSOR_DEFINITIONS = (
					"DEBUG=1",
					"$(inherited)",
				);
				GCC_SYMBOLS_PRIVATE_EXTERN = NO;
				GCC_WARN_64_TO_32_BIT_CONVERSION = YES;
				GCC_WARN_ABOUT_RETURN_TYPE = YES_ERROR;
				GCC_WARN_UNDECLARED_SELECTOR = YES;
				GCC_WARN_UNINITIALIZED_AUTOS = YES_AGGRESSIVE;
				GCC_WARN_UNUSED_FUNCTION = YES;
				GCC_WARN_UNUSED_VARIABLE = YES;
				IPHONEOS_DEPLOYMENT_TARGET = 8.3;
				MTL_ENABLE_DEBUG_INFO = YES;
				ONLY_ACTIVE_ARCH = YES;
				SDKROOT = iphoneos;
			};
			name = Debug;
		};
		9BCCAC271B81BE8B00CDC891 /* Release */ = {
			isa = XCBuildConfiguration;
			buildSettings = {
				ALWAYS_SEARCH_USER_PATHS = NO;
				CLANG_CXX_LANGUAGE_STANDARD = "gnu++0x";
				CLANG_CXX_LIBRARY = "libc++";
				CLANG_ENABLE_MODULES = YES;
				CLANG_ENABLE_OBJC_ARC = YES;
				CLANG_WARN_BOOL_CONVERSION = YES;
				CLANG_WARN_CONSTANT_CONVERSION = YES;
				CLANG_WARN_DIRECT_OBJC_ISA_USAGE = YES_ERROR;
				CLANG_WARN_EMPTY_BODY = YES;
				CLANG_WARN_ENUM_CONVERSION = YES;
				CLANG_WARN_INT_CONVERSION = YES;
				CLANG_WARN_OBJC_ROOT_CLASS = YES_ERROR;
				CLANG_WARN_UNREACHABLE_CODE = YES;
				CLANG_WARN__DUPLICATE_METHOD_MATCH = YES;
				"CODE_SIGN_IDENTITY[sdk=iphoneos*]" = "iPhone Developer";
				COPY_PHASE_STRIP = NO;
				DEBUG_INFORMATION_FORMAT = "dwarf-with-dsym";
				ENABLE_NS_ASSERTIONS = NO;
				ENABLE_STRICT_OBJC_MSGSEND = YES;
				GCC_C_LANGUAGE_STANDARD = gnu99;
				GCC_NO_COMMON_BLOCKS = YES;
				GCC_WARN_64_TO_32_BIT_CONVERSION = YES;
				GCC_WARN_ABOUT_RETURN_TYPE = YES_ERROR;
				GCC_WARN_UNDECLARED_SELECTOR = YES;
				GCC_WARN_UNINITIALIZED_AUTOS = YES_AGGRESSIVE;
				GCC_WARN_UNUSED_FUNCTION = YES;
				GCC_WARN_UNUSED_VARIABLE = YES;
				IPHONEOS_DEPLOYMENT_TARGET = 8.3;
				MTL_ENABLE_DEBUG_INFO = NO;
				SDKROOT = iphoneos;
				VALIDATE_PRODUCT = YES;
			};
			name = Release;
		};
		9BCCAC291B81BE8B00CDC891 /* Debug */ = {
			isa = XCBuildConfiguration;
			buildSettings = {
				ASSETCATALOG_COMPILER_APPICON_NAME = AppIcon;
				INFOPLIST_FILE = RottenTomato/Info.plist;
				LD_RUNPATH_SEARCH_PATHS = "$(inherited) @executable_path/Frameworks";
				PRODUCT_NAME = "$(TARGET_NAME)";
			};
			name = Debug;
		};
		9BCCAC2A1B81BE8B00CDC891 /* Release */ = {
			isa = XCBuildConfiguration;
			buildSettings = {
				ASSETCATALOG_COMPILER_APPICON_NAME = AppIcon;
				INFOPLIST_FILE = RottenTomato/Info.plist;
				LD_RUNPATH_SEARCH_PATHS = "$(inherited) @executable_path/Frameworks";
				PRODUCT_NAME = "$(TARGET_NAME)";
			};
			name = Release;
		};
		9BCCAC2C1B81BE8B00CDC891 /* Debug */ = {
			isa = XCBuildConfiguration;
			buildSettings = {
				BUNDLE_LOADER = "$(TEST_HOST)";
				FRAMEWORK_SEARCH_PATHS = (
					"$(SDKROOT)/Developer/Library/Frameworks",
					"$(inherited)",
				);
				GCC_PREPROCESSOR_DEFINITIONS = (
					"DEBUG=1",
					"$(inherited)",
				);
				INFOPLIST_FILE = RottenTomatoTests/Info.plist;
				LD_RUNPATH_SEARCH_PATHS = "$(inherited) @executable_path/Frameworks @loader_path/Frameworks";
				PRODUCT_NAME = "$(TARGET_NAME)";
				TEST_HOST = "$(BUILT_PRODUCTS_DIR)/RottenTomato.app/RottenTomato";
			};
			name = Debug;
		};
		9BCCAC2D1B81BE8B00CDC891 /* Release */ = {
			isa = XCBuildConfiguration;
			buildSettings = {
				BUNDLE_LOADER = "$(TEST_HOST)";
				FRAMEWORK_SEARCH_PATHS = (
					"$(SDKROOT)/Developer/Library/Frameworks",
					"$(inherited)",
				);
				INFOPLIST_FILE = RottenTomatoTests/Info.plist;
				LD_RUNPATH_SEARCH_PATHS = "$(inherited) @executable_path/Frameworks @loader_path/Frameworks";
				PRODUCT_NAME = "$(TARGET_NAME)";
				TEST_HOST = "$(BUILT_PRODUCTS_DIR)/RottenTomato.app/RottenTomato";
			};
			name = Release;
		};
/* End XCBuildConfiguration section */

/* Begin XCConfigurationList section */
		9BCCAC001B81BE8B00CDC891 /* Build configuration list for PBXProject "RottenTomato" */ = {
			isa = XCConfigurationList;
			buildConfigurations = (
				9BCCAC261B81BE8B00CDC891 /* Debug */,
				9BCCAC271B81BE8B00CDC891 /* Release */,
			);
			defaultConfigurationIsVisible = 0;
			defaultConfigurationName = Release;
		};
		9BCCAC281B81BE8B00CDC891 /* Build configuration list for PBXNativeTarget "RottenTomato" */ = {
			isa = XCConfigurationList;
			buildConfigurations = (
				9BCCAC291B81BE8B00CDC891 /* Debug */,
				9BCCAC2A1B81BE8B00CDC891 /* Release */,
			);
			defaultConfigurationIsVisible = 0;
		};
		9BCCAC2B1B81BE8B00CDC891 /* Build configuration list for PBXNativeTarget "RottenTomatoTests" */ = {
			isa = XCConfigurationList;
			buildConfigurations = (
				9BCCAC2C1B81BE8B00CDC891 /* Debug */,
				9BCCAC2D1B81BE8B00CDC891 /* Release */,
			);
			defaultConfigurationIsVisible = 0;
		};
/* End XCConfigurationList section */
	};
	rootObject = 9BCCABFD1B81BE8B00CDC891 /* Project object */;
}
